
Microsoft Visual Studio Solution File, Format Version 12.00
# Visual Studio 2013
VisualStudioVersion = 12.0.31101.0
MinimumVisualStudioVersion = 10.0.40219.1
Project("{FAE04EC0-301F-11D3-BF4B-00C04F79EFBC}") = "OfficeCacheCleanerService", "OfficeCacheCleanerService\OfficeCacheCleanerService.csproj", "{7E8F02D0-D6C1-447E-A42F-F60A0551D6E2}"
EndProject
Global
	GlobalSection(SolutionConfigurationPlatforms) = preSolution
		Debug|Any CPU = Debug|Any CPU
		Release|Any CPU = Release|Any CPU
	EndGlobalSection
	GlobalSection(ProjectConfigurationPlatforms) = postSolution
		{7E8F02D0-D6C1-447E-A42F-F60A0551D6E2}.Debug|Any CPU.ActiveCfg = Debug|Any CPU
		{7E8F02D0-D6C1-447E-A42F-F60A0551D6E2}.Debug|Any CPU.Build.0 = Debug|Any CPU
		{7E8F02D0-D6C1-447E-A42F-F60A0551D6E2}.Release|Any CPU.ActiveCfg = Release|Any CPU
		{7E8F02D0-D6C1-447E-A42F-F60A0551D6E2}.Release|Any CPU.Build.0 = Release|Any CPU
	EndGlobalSection
	GlobalSection(SolutionProperties) = preSolution
		HideSolutionNode = FALSE
	EndGlobalSection
	GlobalSection(ExtensibilityGlobals) = postSolution
		EnterpriseLibraryConfigurationToolBinariesPathV6 = packages\EnterpriseLibrary.Common.6.0.1304.0\lib\NET45;packages\EnterpriseLibrary.Logging.6.0.1304.0\lib\NET45
	EndGlobalSection
EndGlobal
